
Microsoft Visual Studio Solution File, Format Version 12.00
# Visual Studio Version 16
VisualStudioVersion = 16.0.32002.261
MinimumVisualStudioVersion = 10.0.40219.1
Project("{FAE04EC0-301F-11D3-BF4B-00C04F79EFBC}") = "LINQ-AddressBookProblem", "LINQ-AddressBookProblem\LINQ-AddressBookProblem.csproj", "{502CD380-4AC6-48C8-AD4D-E0660F3CC581}"
EndProject
Global
	GlobalSection(SolutionConfigurationPlatforms) = preSolution
		Debug|Any CPU = Debug|Any CPU
		Release|Any CPU = Release|Any CPU
	EndGlobalSection
	GlobalSection(ProjectConfigurationPlatforms) = postSolution
		{502CD380-4AC6-48C8-AD4D-E0660F3CC581}.Debug|Any CPU.ActiveCfg = Debug|Any CPU
		{502CD380-4AC6-48C8-AD4D-E0660F3CC581}.Debug|Any CPU.Build.0 = Debug|Any CPU
		{502CD380-4AC6-48C8-AD4D-E0660F3CC581}.Release|Any CPU.ActiveCfg = Release|Any CPU
		{502CD380-4AC6-48C8-AD4D-E0660F3CC581}.Release|Any CPU.Build.0 = Release|Any CPU
	EndGlobalSection
	GlobalSection(SolutionProperties) = preSolution
		HideSolutionNode = FALSE
	EndGlobalSection
	GlobalSection(ExtensibilityGlobals) = postSolution
		SolutionGuid = {D8716DE0-35CD-4FE3-A8CC-F2FCD9C8B1B7}
	EndGlobalSection
EndGlobal
